// !$*UTF8*$!
{
	archiveVersion = 1;
	classes = {
	};
	objectVersion = 46;
	objects = {

/* Begin PBXBuildFile section */
		D9DDD9882202EF980037069E /* AppDelegate.swift in Sources */ = {isa = PBXBuildFile; fileRef = D9DDD9872202EF980037069E /* AppDelegate.swift */; };
		D9DDD98A2202EF980037069E /* ViewController.swift in Sources */ = {isa = PBXBuildFile; fileRef = D9DDD9892202EF980037069E /* ViewController.swift */; };
		D9DDD98D2202EF980037069E /* Main.storyboard in Resources */ = {isa = PBXBuildFile; fileRef = D9DDD98B2202EF980037069E /* Main.storyboard */; };
		D9DDD98F2202EF980037069E /* Assets.xcassets in Resources */ = {isa = PBXBuildFile; fileRef = D9DDD98E2202EF980037069E /* Assets.xcassets */; };
		D9DDD9922202EF980037069E /* LaunchScreen.storyboard in Resources */ = {isa = PBXBuildFile; fileRef = D9DDD9902202EF980037069E /* LaunchScreen.storyboard */; };
		D9DDD99D2202EF980037069E /* WhoCaller1Tests.swift in Sources */ = {isa = PBXBuildFile; fileRef = D9DDD99C2202EF980037069E /* WhoCaller1Tests.swift */; };
		D9DDD9A82202EF980037069E /* WhoCaller1UITests.swift in Sources */ = {isa = PBXBuildFile; fileRef = D9DDD9A72202EF980037069E /* WhoCaller1UITests.swift */; };
		D9DDD9B62202F2750037069E /* EnteringNumbersViewController.swift in Sources */ = {isa = PBXBuildFile; fileRef = D9DDD9B52202F2750037069E /* EnteringNumbersViewController.swift */; };
		D9DDD9BC220323BF0037069E /* RegistriationViewController.swift in Sources */ = {isa = PBXBuildFile; fileRef = D9DDD9BB220323BF0037069E /* RegistriationViewController.swift */; };
/* End PBXBuildFile section */

/* Begin PBXContainerItemProxy section */
		D9DDD9992202EF980037069E /* PBXContainerItemProxy */ = {
			isa = PBXContainerItemProxy;
			containerPortal = D9DDD97C2202EF980037069E /* Project object */;
			proxyType = 1;
			remoteGlobalIDString = D9DDD9832202EF980037069E;
			remoteInfo = WhoCaller1;
		};
		D9DDD9A42202EF980037069E /* PBXContainerItemProxy */ = {
			isa = PBXContainerItemProxy;
			containerPortal = D9DDD97C2202EF980037069E /* Project object */;
			proxyType = 1;
			remoteGlobalIDString = D9DDD9832202EF980037069E;
			remoteInfo = WhoCaller1;
		};
/* End PBXContainerItemProxy section */

/* Begin PBXFileReference section */
		D9DDD9842202EF980037069E /* WhoCaller1.app */ = {isa = PBXFileReference; explicitFileType = wrapper.application; includeInIndex = 0; path = WhoCaller1.app; sourceTree = BUILT_PRODUCTS_DIR; };
		D9DDD9872202EF980037069E /* AppDelegate.swift */ = {isa = PBXFileReference; lastKnownFileType = sourcecode.swift; path = AppDelegate.swift; sourceTree = "<group>"; };
		D9DDD9892202EF980037069E /* ViewController.swift */ = {isa = PBXFileReference; lastKnownFileType = sourcecode.swift; path = ViewController.swift; sourceTree = "<group>"; };
		D9DDD98C2202EF980037069E /* Base */ = {isa = PBXFileReference; lastKnownFileType = file.storyboard; name = Base; path = Base.lproj/Main.storyboard; sourceTree = "<group>"; };
		D9DDD98E2202EF980037069E /* Assets.xcassets */ = {isa = PBXFileReference; lastKnownFileType = folder.assetcatalog; path = Assets.xcassets; sourceTree = "<group>"; };
		D9DDD9912202EF980037069E /* Base */ = {isa = PBXFileReference; lastKnownFileType = file.storyboard; name = Base; path = Base.lproj/LaunchScreen.storyboard; sourceTree = "<group>"; };
		D9DDD9932202EF980037069E /* Info.plist */ = {isa = PBXFileReference; lastKnownFileType = text.plist.xml; path = Info.plist; sourceTree = "<group>"; };
		D9DDD9982202EF980037069E /* WhoCaller1Tests.xctest */ = {isa = PBXFileReference; explicitFileType = wrapper.cfbundle; includeInIndex = 0; path = WhoCaller1Tests.xctest; sourceTree = BUILT_PRODUCTS_DIR; };
		D9DDD99C2202EF980037069E /* WhoCaller1Tests.swift */ = {isa = PBXFileReference; lastKnownFileType = sourcecode.swift; path = WhoCaller1Tests.swift; sourceTree = "<group>"; };
		D9DDD99E2202EF980037069E /* Info.plist */ = {isa = PBXFileReference; lastKnownFileType = text.plist.xml; path = Info.plist; sourceTree = "<group>"; };
		D9DDD9A32202EF980037069E /* WhoCaller1UITests.xctest */ = {isa = PBXFileReference; explicitFileType = wrapper.cfbundle; includeInIndex = 0; path = WhoCaller1UITests.xctest; sourceTree = BUILT_PRODUCTS_DIR; };
		D9DDD9A72202EF980037069E /* WhoCaller1UITests.swift */ = {isa = PBXFileReference; lastKnownFileType = sourcecode.swift; path = WhoCaller1UITests.swift; sourceTree = "<group>"; };
		D9DDD9A92202EF980037069E /* Info.plist */ = {isa = PBXFileReference; lastKnownFileType = text.plist.xml; path = Info.plist; sourceTree = "<group>"; };
		D9DDD9B52202F2750037069E /* EnteringNumbersViewController.swift */ = {isa = PBXFileReference; fileEncoding = 4; lastKnownFileType = sourcecode.swift; path = EnteringNumbersViewController.swift; sourceTree = "<group>"; };
		D9DDD9BB220323BF0037069E /* RegistriationViewController.swift */ = {isa = PBXFileReference; fileEncoding = 4; lastKnownFileType = sourcecode.swift; path = RegistriationViewController.swift; sourceTree = "<group>"; };
/* End PBXFileReference section */

/* Begin PBXFrameworksBuildPhase section */
		D9DDD9812202EF980037069E /* Frameworks */ = {
			isa = PBXFrameworksBuildPhase;
			buildActionMask = 2147483647;
			files = (
			);
			runOnlyForDeploymentPostprocessing = 0;
		};
		D9DDD9952202EF980037069E /* Frameworks */ = {
			isa = PBXFrameworksBuildPhase;
			buildActionMask = 2147483647;
			files = (
			);
			runOnlyForDeploymentPostprocessing = 0;
		};
		D9DDD9A02202EF980037069E /* Frameworks */ = {
			isa = PBXFrameworksBuildPhase;
			buildActionMask = 2147483647;
			files = (
			);
			runOnlyForDeploymentPostprocessing = 0;
		};
/* End PBXFrameworksBuildPhase section */

/* Begin PBXGroup section */
		D9DDD97B2202EF980037069E = {
			isa = PBXGroup;
			children = (
				D9DDD9862202EF980037069E /* WhoCaller1 */,
				D9DDD99B2202EF980037069E /* WhoCaller1Tests */,
				D9DDD9A62202EF980037069E /* WhoCaller1UITests */,
				D9DDD9852202EF980037069E /* Products */,
			);
			sourceTree = "<group>";
		};
		D9DDD9852202EF980037069E /* Products */ = {
			isa = PBXGroup;
			children = (
				D9DDD9842202EF980037069E /* WhoCaller1.app */,
				D9DDD9982202EF980037069E /* WhoCaller1Tests.xctest */,
				D9DDD9A32202EF980037069E /* WhoCaller1UITests.xctest */,
			);
			name = Products;
			sourceTree = "<group>";
		};
		D9DDD9862202EF980037069E /* WhoCaller1 */ = {
			isa = PBXGroup;
			children = (
				D9DDD9872202EF980037069E /* AppDelegate.swift */,
				D9DDD9892202EF980037069E /* ViewController.swift */,
				D9DDD98B2202EF980037069E /* Main.storyboard */,
				D9DDD9BB220323BF0037069E /* RegistriationViewController.swift */,
				D9DDD9B52202F2750037069E /* EnteringNumbersViewController.swift */,
				D9DDD98E2202EF980037069E /* Assets.xcassets */,
				D9DDD9902202EF980037069E /* LaunchScreen.storyboard */,
				D9DDD9932202EF980037069E /* Info.plist */,
			);
			path = WhoCaller1;
			sourceTree = "<group>";
		};
		D9DDD99B2202EF980037069E /* WhoCaller1Tests */ = {
			isa = PBXGroup;
			children = (
				D9DDD99C2202EF980037069E /* WhoCaller1Tests.swift */,
				D9DDD99E2202EF980037069E /* Info.plist */,
			);
			path = WhoCaller1Tests;
			sourceTree = "<group>";
		};
		D9DDD9A62202EF980037069E /* WhoCaller1UITests */ = {
			isa = PBXGroup;
			children = (
				D9DDD9A72202EF980037069E /* WhoCaller1UITests.swift */,
				D9DDD9A92202EF980037069E /* Info.plist */,
			);
			path = WhoCaller1UITests;
			sourceTree = "<group>";
		};
/* End PBXGroup section */

/* Begin PBXNativeTarget section */
		D9DDD9832202EF980037069E /* WhoCaller1 */ = {
			isa = PBXNativeTarget;
			buildConfigurationList = D9DDD9AC2202EF980037069E /* Build configuration list for PBXNativeTarget "WhoCaller1" */;
			buildPhases = (
				D9DDD9802202EF980037069E /* Sources */,
				D9DDD9812202EF980037069E /* Frameworks */,
				D9DDD9822202EF980037069E /* Resources */,
			);
			buildRules = (
			);
			dependencies = (
			);
			name = WhoCaller1;
			productName = WhoCaller1;
			productReference = D9DDD9842202EF980037069E /* WhoCaller1.app */;
			productType = "com.apple.product-type.application";
		};
		D9DDD9972202EF980037069E /* WhoCaller1Tests */ = {
			isa = PBXNativeTarget;
			buildConfigurationList = D9DDD9AF2202EF980037069E /* Build configuration list for PBXNativeTarget "WhoCaller1Tests" */;
			buildPhases = (
				D9DDD9942202EF980037069E /* Sources */,
				D9DDD9952202EF980037069E /* Frameworks */,
				D9DDD9962202EF980037069E /* Resources */,
			);
			buildRules = (
			);
			dependencies = (
				D9DDD99A2202EF980037069E /* PBXTargetDependency */,
			);
			name = WhoCaller1Tests;
			productName = WhoCaller1Tests;
			productReference = D9DDD9982202EF980037069E /* WhoCaller1Tests.xctest */;
			productType = "com.apple.product-type.bundle.unit-test";
		};
		D9DDD9A22202EF980037069E /* WhoCaller1UITests */ = {
			isa = PBXNativeTarget;
			buildConfigurationList = D9DDD9B22202EF980037069E /* Build configuration list for PBXNativeTarget "WhoCaller1UITests" */;
			buildPhases = (
				D9DDD99F2202EF980037069E /* Sources */,
				D9DDD9A02202EF980037069E /* Frameworks */,
				D9DDD9A12202EF980037069E /* Resources */,
			);
			buildRules = (
			);
			dependencies = (
				D9DDD9A52202EF980037069E /* PBXTargetDependency */,
			);
			name = WhoCaller1UITests;
			productName = WhoCaller1UITests;
			productReference = D9DDD9A32202EF980037069E /* WhoCaller1UITests.xctest */;
			productType = "com.apple.product-type.bundle.ui-testing";
		};
/* End PBXNativeTarget section */

/* Begin PBXProject section */
		D9DDD97C2202EF980037069E /* Project object */ = {
			isa = PBXProject;
			attributes = {
				LastSwiftUpdateCheck = 0830;
				LastUpgradeCheck = 0830;
				ORGANIZATIONNAME = mohamed;
				TargetAttributes = {
					D9DDD9832202EF980037069E = {
						CreatedOnToolsVersion = 8.3.3;
						ProvisioningStyle = Automatic;
					};
					D9DDD9972202EF980037069E = {
						CreatedOnToolsVersion = 8.3.3;
						ProvisioningStyle = Automatic;
						TestTargetID = D9DDD9832202EF980037069E;
					};
					D9DDD9A22202EF980037069E = {
						CreatedOnToolsVersion = 8.3.3;
						ProvisioningStyle = Automatic;
						TestTargetID = D9DDD9832202EF980037069E;
					};
				};
			};
			buildConfigurationList = D9DDD97F2202EF980037069E /* Build configuration list for PBXProject "WhoCaller1" */;
			compatibilityVersion = "Xcode 3.2";
			developmentRegion = English;
			hasScannedForEncodings = 0;
			knownRegions = (
				en,
				Base,
			);
			mainGroup = D9DDD97B2202EF980037069E;
			productRefGroup = D9DDD9852202EF980037069E /* Products */;
			projectDirPath = "";
			projectRoot = "";
			targets = (
				D9DDD9832202EF980037069E /* WhoCaller1 */,
				D9DDD9972202EF980037069E /* WhoCaller1Tests */,
				D9DDD9A22202EF980037069E /* WhoCaller1UITests */,
			);
		};
/* End PBXProject section */

/* Begin PBXResourcesBuildPhase section */
		D9DDD9822202EF980037069E /* Resources */ = {
			isa = PBXResourcesBuildPhase;
			buildActionMask = 2147483647;
			files = (
				D9DDD9922202EF980037069E /* LaunchScreen.storyboard in Resources */,
				D9DDD98F2202EF980037069E /* Assets.xcassets in Resources */,
				D9DDD98D2202EF980037069E /* Main.storyboard in Resources */,
			);
			runOnlyForDeploymentPostprocessing = 0;
		};
		D9DDD9962202EF980037069E /* Resources */ = {
			isa = PBXResourcesBuildPhase;
			buildActionMask = 2147483647;
			files = (
			);
			runOnlyForDeploymentPostprocessing = 0;
		};
		D9DDD9A12202EF980037069E /* Resources */ = {
			isa = PBXResourcesBuildPhase;
			buildActionMask = 2147483647;
			files = (
			);
			runOnlyForDeploymentPostprocessing = 0;
		};
/* End PBXResourcesBuildPhase section */

/* Begin PBXSourcesBuildPhase section */
		D9DDD9802202EF980037069E /* Sources */ = {
			isa = PBXSourcesBuildPhase;
			buildActionMask = 2147483647;
			files = (
				D9DDD98A2202EF980037069E /* ViewController.swift in Sources */,
				D9DDD9BC220323BF0037069E /* RegistriationViewController.swift in Sources */,
				D9DDD9882202EF980037069E /* AppDelegate.swift in Sources */,
				D9DDD9B62202F2750037069E /* EnteringNumbersViewController.swift in Sources */,
			);
			runOnlyForDeploymentPostprocessing = 0;
		};
		D9DDD9942202EF980037069E /* Sources */ = {
			isa = PBXSourcesBuildPhase;
			buildActionMask = 2147483647;
			files = (
				D9DDD99D2202EF980037069E /* WhoCaller1Tests.swift in Sources */,
			);
			runOnlyForDeploymentPostprocessing = 0;
		};
		D9DDD99F2202EF980037069E /* Sources */ = {
			isa = PBXSourcesBuildPhase;
			buildActionMask = 2147483647;
			files = (
				D9DDD9A82202EF980037069E /* WhoCaller1UITests.swift in Sources */,
			);
			runOnlyForDeploymentPostprocessing = 0;
		};
/* End PBXSourcesBuildPhase section */

/* Begin PBXTargetDependency section */
		D9DDD99A2202EF980037069E /* PBXTargetDependency */ = {
			isa = PBXTargetDependency;
			target = D9DDD9832202EF980037069E /* WhoCaller1 */;
			targetProxy = D9DDD9992202EF980037069E /* PBXContainerItemProxy */;
		};
		D9DDD9A52202EF980037069E /* PBXTargetDependency */ = {
			isa = PBXTargetDependency;
			target = D9DDD9832202EF980037069E /* WhoCaller1 */;
			targetProxy = D9DDD9A42202EF980037069E /* PBXContainerItemProxy */;
		};
/* End PBXTargetDependency section */

/* Begin PBXVariantGroup section */
		D9DDD98B2202EF980037069E /* Main.storyboard */ = {
			isa = PBXVariantGroup;
			children = (
				D9DDD98C2202EF980037069E /* Base */,
			);
			name = Main.storyboard;
			sourceTree = "<group>";
		};
		D9DDD9902202EF980037069E /* LaunchScreen.storyboard */ = {
			isa = PBXVariantGroup;
			children = (
				D9DDD9912202EF980037069E /* Base */,
			);
			name = LaunchScreen.storyboard;
			sourceTree = "<group>";
		};
/* End PBXVariantGroup section */

/* Begin XCBuildConfiguration section */
		D9DDD9AA2202EF980037069E /* Debug */ = {
			isa = XCBuildConfiguration;
			buildSettings = {
				ALWAYS_SEARCH_USER_PATHS = NO;
				CLANG_ANALYZER_NONNULL = YES;
				CLANG_ANALYZER_NUMBER_OBJECT_CONVERSION = YES_AGGRESSIVE;
				CLANG_CXX_LANGUAGE_STANDARD = "gnu++0x";
				CLANG_CXX_LIBRARY = "libc++";
				CLANG_ENABLE_MODULES = YES;
				CLANG_ENABLE_OBJC_ARC = YES;
				CLANG_WARN_BOOL_CONVERSION = YES;
				CLANG_WARN_CONSTANT_CONVERSION = YES;
				CLANG_WARN_DIRECT_OBJC_ISA_USAGE = YES_ERROR;
				CLANG_WARN_DOCUMENTATION_COMMENTS = YES;
				CLANG_WARN_EMPTY_BODY = YES;
				CLANG_WARN_ENUM_CONVERSION = YES;
				CLANG_WARN_INFINITE_RECURSION = YES;
				CLANG_WARN_INT_CONVERSION = YES;
				CLANG_WARN_OBJC_ROOT_CLASS = YES_ERROR;
				CLANG_WARN_SUSPICIOUS_MOVE = YES;
				CLANG_WARN_UNREACHABLE_CODE = YES;
				CLANG_WARN__DUPLICATE_METHOD_MATCH = YES;
				"CODE_SIGN_IDENTITY[sdk=iphoneos*]" = "iPhone Developer";
				COPY_PHASE_STRIP = NO;
				DEBUG_INFORMATION_FORMAT = dwarf;
				ENABLE_STRICT_OBJC_MSGSEND = YES;
				ENABLE_TESTABILITY = YES;
				GCC_C_LANGUAGE_STANDARD = gnu99;
				GCC_DYNAMIC_NO_PIC = NO;
				GCC_NO_COMMON_BLOCKS = YES;
				GCC_OPTIMIZATION_LEVEL = 0;
				GCC_PREPROCESSOR_DEFINITIONS = (
					"DEBUG=1",
					"$(inherited)",
				);
				GCC_WARN_64_TO_32_BIT_CONVERSION = YES;
				GCC_WARN_ABOUT_RETURN_TYPE = YES_ERROR;
				GCC_WARN_UNDECLARED_SELECTOR = YES;
				GCC_WARN_UNINITIALIZED_AUTOS = YES_AGGRESSIVE;
				GCC_WARN_UNUSED_FUNCTION = YES;
				GCC_WARN_UNUSED_VARIABLE = YES;
				IPHONEOS_DEPLOYMENT_TARGET = 10.3;
				MTL_ENABLE_DEBUG_INFO = YES;
				ONLY_ACTIVE_ARCH = YES;
				SDKROOT = iphoneos;
				SWIFT_ACTIVE_COMPILATION_CONDITIONS = DEBUG;
				SWIFT_OPTIMIZATION_LEVEL = "-Onone";
				TARGETED_DEVICE_FAMILY = "1,2";
			};
			name = Debug;
		};
		D9DDD9AB2202EF980037069E /* Release */ = {
			isa = XCBuildConfiguration;
			buildSettings = {
				ALWAYS_SEARCH_USER_PATHS = NO;
				CLANG_ANALYZER_NONNULL = YES;
				CLANG_ANALYZER_NUMBER_OBJECT_CONVERSION = YES_AGGRESSIVE;
				CLANG_CXX_LANGUAGE_STANDARD = "gnu++0x";
				CLANG_CXX_LIBRARY = "libc++";
				CLANG_ENABLE_MODULES = YES;
				CLANG_ENABLE_OBJC_ARC = YES;
				CLANG_WARN_BOOL_CONVERSION = YES;
				CLANG_WARN_CONSTANT_CONVERSION = YES;
				CLANG_WARN_DIRECT_OBJC_ISA_USAGE = YES_ERROR;
				CLANG_WARN_DOCUMENTATION_COMMENTS = YES;
				CLANG_WARN_EMPTY_BODY = YES;
				CLANG_WARN_ENUM_CONVERSION = YES;
				CLANG_WARN_INFINITE_RECURSION = YES;
				CLANG_WARN_INT_CONVERSION = YES;
				CLANG_WARN_OBJC_ROOT_CLASS = YES_ERROR;
				CLANG_WARN_SUSPICIOUS_MOVE = YES;
				CLANG_WARN_UNREACHABLE_CODE = YES;
				CLANG_WARN__DUPLICATE_METHOD_MATCH = YES;
				"CODE_SIGN_IDENTITY[sdk=iphoneos*]" = "iPhone Developer";
				COPY_PHASE_STRIP = NO;
				DEBUG_INFORMATION_FORMAT = "dwarf-with-dsym";
				ENABLE_NS_ASSERTIONS = NO;
				ENABLE_STRICT_OBJC_MSGSEND = YES;
				GCC_C_LANGUAGE_STANDARD = gnu99;
				GCC_NO_COMMON_BLOCKS = YES;
				GCC_WARN_64_TO_32_BIT_CONVERSION = YES;
				GCC_WARN_ABOUT_RETURN_TYPE = YES_ERROR;
				GCC_WARN_UNDECLARED_SELECTOR = YES;
				GCC_WARN_UNINITIALIZED_AUTOS = YES_AGGRESSIVE;
				GCC_WARN_UNUSED_FUNCTION = YES;
				GCC_WARN_UNUSED_VARIABLE = YES;
				IPHONEOS_DEPLOYMENT_TARGET = 10.3;
				MTL_ENABLE_DEBUG_INFO = NO;
				SDKROOT = iphoneos;
				SWIFT_OPTIMIZATION_LEVEL = "-Owholemodule";
				TARGETED_DEVICE_FAMILY = "1,2";
				VALIDATE_PRODUCT = YES;
			};
			name = Release;
		};
		D9DDD9AD2202EF980037069E /* Debug */ = {
			isa = XCBuildConfiguration;
			buildSettings = {
				ASSETCATALOG_COMPILER_APPICON_NAME = AppIcon;
				INFOPLIST_FILE = WhoCaller1/Info.plist;
				LD_RUNPATH_SEARCH_PATHS = "$(inherited) @executable_path/Frameworks";
				PRODUCT_BUNDLE_IDENTIFIER = com.mm.WhoCaller1;
				PRODUCT_NAME = "$(TARGET_NAME)";
				SWIFT_VERSION = 3.0;
			};
			name = Debug;
		};
		D9DDD9AE2202EF980037069E /* Release */ = {
			isa = XCBuildConfiguration;
			buildSettings = {
				ASSETCATALOG_COMPILER_APPICON_NAME = AppIcon;
				INFOPLIST_FILE = WhoCaller1/Info.plist;
				LD_RUNPATH_SEARCH_PATHS = "$(inherited) @executable_path/Frameworks";
				PRODUCT_BUNDLE_IDENTIFIER = com.mm.WhoCaller1;
				PRODUCT_NAME = "$(TARGET_NAME)";
				SWIFT_VERSION = 3.0;
			};
			name = Release;
		};
		D9DDD9B02202EF980037069E /* Debug */ = {
			isa = XCBuildConfiguration;
			buildSettings = {
				ALWAYS_EMBED_SWIFT_STANDARD_LIBRARIES = YES;
				BUNDLE_LOADER = "$(TEST_HOST)";
				INFOPLIST_FILE = WhoCaller1Tests/Info.plist;
				LD_RUNPATH_SEARCH_PATHS = "$(inherited) @executable_path/Frameworks @loader_path/Frameworks";
				PRODUCT_BUNDLE_IDENTIFIER = com.mm.WhoCaller1Tests;
				PRODUCT_NAME = "$(TARGET_NAME)";
				SWIFT_VERSION = 3.0;
				TEST_HOST = "$(BUILT_PRODUCTS_DIR)/WhoCaller1.app/WhoCaller1";
			};
			name = Debug;
		};
		D9DDD9B12202EF980037069E /* Release */ = {
			isa = XCBuildConfiguration;
			buildSettings = {
				ALWAYS_EMBED_SWIFT_STANDARD_LIBRARIES = YES;
				BUNDLE_LOADER = "$(TEST_HOST)";
				INFOPLIST_FILE = WhoCaller1Tests/Info.plist;
				LD_RUNPATH_SEARCH_PATHS = "$(inherited) @executable_path/Frameworks @loader_path/Frameworks";
				PRODUCT_BUNDLE_IDENTIFIER = com.mm.WhoCaller1Tests;
				PRODUCT_NAME = "$(TARGET_NAME)";
				SWIFT_VERSION = 3.0;
				TEST_HOST = "$(BUILT_PRODUCTS_DIR)/WhoCaller1.app/WhoCaller1";
			};
			name = Release;
		};
		D9DDD9B32202EF980037069E /* Debug */ = {
			isa = XCBuildConfiguration;
			buildSettings = {
				ALWAYS_EMBED_SWIFT_STANDARD_LIBRARIES = YES;
				INFOPLIST_FILE = WhoCaller1UITests/Info.plist;
				LD_RUNPATH_SEARCH_PATHS = "$(inherited) @executable_path/Frameworks @loader_path/Frameworks";
				PRODUCT_BUNDLE_IDENTIFIER = com.mm.WhoCaller1UITests;
				PRODUCT_NAME = "$(TARGET_NAME)";
				SWIFT_VERSION = 3.0;
				TEST_TARGET_NAME = WhoCaller1;
			};
			name = Debug;
		};
		D9DDD9B42202EF980037069E /* Release */ = {
			isa = XCBuildConfiguration;
			buildSettings = {
				ALWAYS_EMBED_SWIFT_STANDARD_LIBRARIES = YES;
				INFOPLIST_FILE = WhoCaller1UITests/Info.plist;
				LD_RUNPATH_SEARCH_PATHS = "$(inherited) @executable_path/Frameworks @loader_path/Frameworks";
				PRODUCT_BUNDLE_IDENTIFIER = com.mm.WhoCaller1UITests;
				PRODUCT_NAME = "$(TARGET_NAME)";
				SWIFT_VERSION = 3.0;
				TEST_TARGET_NAME = WhoCaller1;
			};
			name = Release;
		};
/* End XCBuildConfiguration section */

/* Begin XCConfigurationList section */
		D9DDD97F2202EF980037069E /* Build configuration list for PBXProject "WhoCaller1" */ = {
			isa = XCConfigurationList;
			buildConfigurations = (
				D9DDD9AA2202EF980037069E /* Debug */,
				D9DDD9AB2202EF980037069E /* Release */,
			);
			defaultConfigurationIsVisible = 0;
			defaultConfigurationName = Release;
		};
		D9DDD9AC2202EF980037069E /* Build configuration list for PBXNativeTarget "WhoCaller1" */ = {
			isa = XCConfigurationList;
			buildConfigurations = (
				D9DDD9AD2202EF980037069E /* Debug */,
				D9DDD9AE2202EF980037069E /* Release */,
			);
			defaultConfigurationIsVisible = 0;
			defaultConfigurationName = Release;
		};
		D9DDD9AF2202EF980037069E /* Build configuration list for PBXNativeTarget "WhoCaller1Tests" */ = {
			isa = XCConfigurationList;
			buildConfigurations = (
				D9DDD9B02202EF980037069E /* Debug */,
				D9DDD9B12202EF980037069E /* Release */,
			);
			defaultConfigurationIsVisible = 0;
			defaultConfigurationName = Release;
		};
		D9DDD9B22202EF980037069E /* Build configuration list for PBXNativeTarget "WhoCaller1UITests" */ = {
			isa = XCConfigurationList;
			buildConfigurations = (
				D9DDD9B32202EF980037069E /* Debug */,
				D9DDD9B42202EF980037069E /* Release */,
			);
			defaultConfigurationIsVisible = 0;
			defaultConfigurationName = Release;
		};
/* End XCConfigurationList section */
	};
	rootObject = D9DDD97C2202EF980037069E /* Project object */;
}
